// !$*UTF8*$!
{
	archiveVersion = 1;
	classes = {
	};
	objectVersion = 46;
	objects = {

/* Begin PBXBuildFile section */
		9341534B18EA90E700C4358B /* libEntity.a in Frameworks */ = {isa = PBXBuildFile; fileRef = 9341534A18EA90E700C4358B /* libEntity.a */; };
		9341535318EA915800C4358B /* UserLogin.m in Sources */ = {isa = PBXBuildFile; fileRef = 9341535218EA915800C4358B /* UserLogin.m */; };
		935EB30C1910E47B000D42CA /* UserInfoAccess.m in Sources */ = {isa = PBXBuildFile; fileRef = 935EB30B1910E47B000D42CA /* UserInfoAccess.m */; };
		935EB30F1910EDF6000D42CA /* UploadImage.m in Sources */ = {isa = PBXBuildFile; fileRef = 935EB30E1910EDF6000D42CA /* UploadImage.m */; };
		9366862818E91DAB0050FB52 /* Foundation.framework in Frameworks */ = {isa = PBXBuildFile; fileRef = 9366862718E91DAB0050FB52 /* Foundation.framework */; };
		9366862D18E91DAB0050FB52 /* AccessBase.h in CopyFiles */ = {isa = PBXBuildFile; fileRef = 9366862C18E91DAB0050FB52 /* AccessBase.h */; };
		9366862F18E91DAB0050FB52 /* AccessBase.m in Sources */ = {isa = PBXBuildFile; fileRef = 9366862E18E91DAB0050FB52 /* AccessBase.m */; };
		9366863618E91DAB0050FB52 /* XCTest.framework in Frameworks */ = {isa = PBXBuildFile; fileRef = 9366863518E91DAB0050FB52 /* XCTest.framework */; };
		9366863718E91DAB0050FB52 /* Foundation.framework in Frameworks */ = {isa = PBXBuildFile; fileRef = 9366862718E91DAB0050FB52 /* Foundation.framework */; };
		9366863918E91DAB0050FB52 /* UIKit.framework in Frameworks */ = {isa = PBXBuildFile; fileRef = 9366863818E91DAB0050FB52 /* UIKit.framework */; };
		9366863C18E91DAB0050FB52 /* libAccessLayer.a in Frameworks */ = {isa = PBXBuildFile; fileRef = 9366862418E91DAB0050FB52 /* libAccessLayer.a */; };
		9366864218E91DAB0050FB52 /* InfoPlist.strings in Resources */ = {isa = PBXBuildFile; fileRef = 9366864018E91DAB0050FB52 /* InfoPlist.strings */; };
		9366864418E91DAB0050FB52 /* AccessLayerTests.m in Sources */ = {isa = PBXBuildFile; fileRef = 9366864318E91DAB0050FB52 /* AccessLayerTests.m */; };
		9366872018E922370050FB52 /* AFHTTPRequestOperation.m in Sources */ = {isa = PBXBuildFile; fileRef = 936686FC18E922370050FB52 /* AFHTTPRequestOperation.m */; };
		9366872118E922370050FB52 /* AFHTTPRequestOperationManager.m in Sources */ = {isa = PBXBuildFile; fileRef = 936686FE18E922370050FB52 /* AFHTTPRequestOperationManager.m */; };
		9366872218E922370050FB52 /* AFHTTPSessionManager.m in Sources */ = {isa = PBXBuildFile; fileRef = 9366870018E922370050FB52 /* AFHTTPSessionManager.m */; };
		9366872318E922370050FB52 /* AFNetworkReachabilityManager.m in Sources */ = {isa = PBXBuildFile; fileRef = 9366870318E922370050FB52 /* AFNetworkReachabilityManager.m */; };
		9366872418E922370050FB52 /* AFSecurityPolicy.m in Sources */ = {isa = PBXBuildFile; fileRef = 9366870518E922370050FB52 /* AFSecurityPolicy.m */; };
		9366872518E922370050FB52 /* AFURLConnectionOperation.m in Sources */ = {isa = PBXBuildFile; fileRef = 9366870718E922370050FB52 /* AFURLConnectionOperation.m */; };
		9366872618E922370050FB52 /* AFURLRequestSerialization.m in Sources */ = {isa = PBXBuildFile; fileRef = 9366870918E922370050FB52 /* AFURLRequestSerialization.m */; };
		9366872718E922370050FB52 /* AFURLResponseSerialization.m in Sources */ = {isa = PBXBuildFile; fileRef = 9366870B18E922370050FB52 /* AFURLResponseSerialization.m */; };
		9366872818E922370050FB52 /* AFURLSessionManager.m in Sources */ = {isa = PBXBuildFile; fileRef = 9366870D18E922370050FB52 /* AFURLSessionManager.m */; };
		9366872918E922370050FB52 /* AFNetworkActivityIndicatorManager.m in Sources */ = {isa = PBXBuildFile; fileRef = 9366871018E922370050FB52 /* AFNetworkActivityIndicatorManager.m */; };
		9366872A18E922370050FB52 /* UIActivityIndicatorView+AFNetworking.m in Sources */ = {isa = PBXBuildFile; fileRef = 9366871218E922370050FB52 /* UIActivityIndicatorView+AFNetworking.m */; };
		9366872B18E922370050FB52 /* UIAlertView+AFNetworking.m in Sources */ = {isa = PBXBuildFile; fileRef = 9366871418E922370050FB52 /* UIAlertView+AFNetworking.m */; };
		9366872C18E922370050FB52 /* UIButton+AFNetworking.m in Sources */ = {isa = PBXBuildFile; fileRef = 9366871618E922370050FB52 /* UIButton+AFNetworking.m */; };
		9366872D18E922370050FB52 /* UIImageView+AFNetworking.m in Sources */ = {isa = PBXBuildFile; fileRef = 9366871818E922370050FB52 /* UIImageView+AFNetworking.m */; };
		9366872E18E922370050FB52 /* UIProgressView+AFNetworking.m in Sources */ = {isa = PBXBuildFile; fileRef = 9366871B18E922370050FB52 /* UIProgressView+AFNetworking.m */; };
		9366872F18E922370050FB52 /* UIRefreshControl+AFNetworking.m in Sources */ = {isa = PBXBuildFile; fileRef = 9366871D18E922370050FB52 /* UIRefreshControl+AFNetworking.m */; };
		9366873018E922370050FB52 /* UIWebView+AFNetworking.m in Sources */ = {isa = PBXBuildFile; fileRef = 9366871F18E922370050FB52 /* UIWebView+AFNetworking.m */; };
		9372C48D1907B347009D9A4C /* UserRegister.m in Sources */ = {isa = PBXBuildFile; fileRef = 9372C48C1907B347009D9A4C /* UserRegister.m */; };
		9372C48F1907B54B009D9A4C /* UserRegisterTests.m in Sources */ = {isa = PBXBuildFile; fileRef = 9372C48E1907B54B009D9A4C /* UserRegisterTests.m */; };
		93783E831955579B00F86D4E /* CarFilterAccess.m in Sources */ = {isa = PBXBuildFile; fileRef = 93783E821955579B00F86D4E /* CarFilterAccess.m */; };
		93857198193C71EF00228FAC /* MobileCoreServices.framework in Frameworks */ = {isa = PBXBuildFile; fileRef = 93857197193C71EF00228FAC /* MobileCoreServices.framework */; };
		9385719A193C72A700228FAC /* SystemConfiguration.framework in Frameworks */ = {isa = PBXBuildFile; fileRef = 93857199193C72A700228FAC /* SystemConfiguration.framework */; };
/* End PBXBuildFile section */

/* Begin PBXContainerItemProxy section */
		9366863A18E91DAB0050FB52 /* PBXContainerItemProxy */ = {
			isa = PBXContainerItemProxy;
			containerPortal = 9366861C18E91DAB0050FB52 /* Project object */;
			proxyType = 1;
			remoteGlobalIDString = 9366862318E91DAB0050FB52;
			remoteInfo = AccessLayer;
		};
/* End PBXContainerItemProxy section */

/* Begin PBXCopyFilesBuildPhase section */
		9366862218E91DAB0050FB52 /* CopyFiles */ = {
			isa = PBXCopyFilesBuildPhase;
			buildActionMask = 2147483647;
			dstPath = "include/$(PRODUCT_NAME)";
			dstSubfolderSpec = 16;
			files = (
				9366862D18E91DAB0050FB52 /* AccessBase.h in CopyFiles */,
			);
			runOnlyForDeploymentPostprocessing = 0;
		};
/* End PBXCopyFilesBuildPhase section */

/* Begin PBXFileReference section */
		9341534A18EA90E700C4358B /* libEntity.a */ = {isa = PBXFileReference; lastKnownFileType = archive.ar; name = libEntity.a; path = "../Entity/build/Debug-iphoneos/libEntity.a"; sourceTree = "<group>"; };
		9341535118EA915800C4358B /* UserLogin.h */ = {isa = PBXFileReference; fileEncoding = 4; lastKnownFileType = sourcecode.c.h; path = UserLogin.h; sourceTree = "<group>"; };
		9341535218EA915800C4358B /* UserLogin.m */ = {isa = PBXFileReference; fileEncoding = 4; lastKnownFileType = sourcecode.c.objc; path = UserLogin.m; sourceTree = "<group>"; };
		935EB30A1910E47B000D42CA /* UserInfoAccess.h */ = {isa = PBXFileReference; fileEncoding = 4; lastKnownFileType = sourcecode.c.h; path = UserInfoAccess.h; sourceTree = "<group>"; };
		935EB30B1910E47B000D42CA /* UserInfoAccess.m */ = {isa = PBXFileReference; fileEncoding = 4; lastKnownFileType = sourcecode.c.objc; path = UserInfoAccess.m; sourceTree = "<group>"; };
		935EB30D1910EDF6000D42CA /* UploadImage.h */ = {isa = PBXFileReference; fileEncoding = 4; lastKnownFileType = sourcecode.c.h; path = UploadImage.h; sourceTree = "<group>"; };
		935EB30E1910EDF6000D42CA /* UploadImage.m */ = {isa = PBXFileReference; fileEncoding = 4; lastKnownFileType = sourcecode.c.objc; path = UploadImage.m; sourceTree = "<group>"; };
		9366862418E91DAB0050FB52 /* libAccessLayer.a */ = {isa = PBXFileReference; explicitFileType = archive.ar; includeInIndex = 0; path = libAccessLayer.a; sourceTree = BUILT_PRODUCTS_DIR; };
		9366862718E91DAB0050FB52 /* Foundation.framework */ = {isa = PBXFileReference; lastKnownFileType = wrapper.framework; name = Foundation.framework; path = System/Library/Frameworks/Foundation.framework; sourceTree = SDKROOT; };
		9366862B18E91DAB0050FB52 /* AccessLayer-Prefix.pch */ = {isa = PBXFileReference; lastKnownFileType = sourcecode.c.h; path = "AccessLayer-Prefix.pch"; sourceTree = "<group>"; };
		9366862C18E91DAB0050FB52 /* AccessBase.h */ = {isa = PBXFileReference; lastKnownFileType = sourcecode.c.h; path = AccessBase.h; sourceTree = "<group>"; };
		9366862E18E91DAB0050FB52 /* AccessBase.m */ = {isa = PBXFileReference; lastKnownFileType = sourcecode.c.objc; path = AccessBase.m; sourceTree = "<group>"; };
		9366863418E91DAB0050FB52 /* AccessLayerTests.xctest */ = {isa = PBXFileReference; explicitFileType = wrapper.cfbundle; includeInIndex = 0; path = AccessLayerTests.xctest; sourceTree = BUILT_PRODUCTS_DIR; };
		9366863518E91DAB0050FB52 /* XCTest.framework */ = {isa = PBXFileReference; lastKnownFileType = wrapper.framework; name = XCTest.framework; path = Library/Frameworks/XCTest.framework; sourceTree = DEVELOPER_DIR; };
		9366863818E91DAB0050FB52 /* UIKit.framework */ = {isa = PBXFileReference; lastKnownFileType = wrapper.framework; name = UIKit.framework; path = Library/Frameworks/UIKit.framework; sourceTree = DEVELOPER_DIR; };
		9366863F18E91DAB0050FB52 /* AccessLayerTests-Info.plist */ = {isa = PBXFileReference; lastKnownFileType = text.plist.xml; path = "AccessLayerTests-Info.plist"; sourceTree = "<group>"; };
		9366864118E91DAB0050FB52 /* en */ = {isa = PBXFileReference; lastKnownFileType = text.plist.strings; name = en; path = en.lproj/InfoPlist.strings; sourceTree = "<group>"; };
		9366864318E91DAB0050FB52 /* AccessLayerTests.m */ = {isa = PBXFileReference; lastKnownFileType = sourcecode.c.objc; path = AccessLayerTests.m; sourceTree = "<group>"; };
		936686FB18E922370050FB52 /* AFHTTPRequestOperation.h */ = {isa = PBXFileReference; fileEncoding = 4; lastKnownFileType = sourcecode.c.h; path = AFHTTPRequestOperation.h; sourceTree = "<group>"; };
		936686FC18E922370050FB52 /* AFHTTPRequestOperation.m */ = {isa = PBXFileReference; fileEncoding = 4; lastKnownFileType = sourcecode.c.objc; path = AFHTTPRequestOperation.m; sourceTree = "<group>"; };
		936686FD18E922370050FB52 /* AFHTTPRequestOperationManager.h */ = {isa = PBXFileReference; fileEncoding = 4; lastKnownFileType = sourcecode.c.h; path = AFHTTPRequestOperationManager.h; sourceTree = "<group>"; };
		936686FE18E922370050FB52 /* AFHTTPRequestOperationManager.m */ = {isa = PBXFileReference; fileEncoding = 4; lastKnownFileType = sourcecode.c.objc; path = AFHTTPRequestOperationManager.m; sourceTree = "<group>"; };
		936686FF18E922370050FB52 /* AFHTTPSessionManager.h */ = {isa = PBXFileReference; fileEncoding = 4; lastKnownFileType = sourcecode.c.h; path = AFHTTPSessionManager.h; sourceTree = "<group>"; };
		9366870018E922370050FB52 /* AFHTTPSessionManager.m */ = {isa = PBXFileReference; fileEncoding = 4; lastKnownFileType = sourcecode.c.objc; path = AFHTTPSessionManager.m; sourceTree = "<group>"; };
		9366870118E922370050FB52 /* AFNetworking.h */ = {isa = PBXFileReference; fileEncoding = 4; lastKnownFileType = sourcecode.c.h; path = AFNetworking.h; sourceTree = "<group>"; };
		9366870218E922370050FB52 /* AFNetworkReachabilityManager.h */ = {isa = PBXFileReference; fileEncoding = 4; lastKnownFileType = sourcecode.c.h; path = AFNetworkReachabilityManager.h; sourceTree = "<group>"; };
		9366870318E922370050FB52 /* AFNetworkReachabilityManager.m */ = {isa = PBXFileReference; fileEncoding = 4; lastKnownFileType = sourcecode.c.objc; path = AFNetworkReachabilityManager.m; sourceTree = "<group>"; };
		9366870418E922370050FB52 /* AFSecurityPolicy.h */ = {isa = PBXFileReference; fileEncoding = 4; lastKnownFileType = sourcecode.c.h; path = AFSecurityPolicy.h; sourceTree = "<group>"; };
		9366870518E922370050FB52 /* AFSecurityPolicy.m */ = {isa = PBXFileReference; fileEncoding = 4; lastKnownFileType = sourcecode.c.objc; path = AFSecurityPolicy.m; sourceTree = "<group>"; };
		9366870618E922370050FB52 /* AFURLConnectionOperation.h */ = {isa = PBXFileReference; fileEncoding = 4; lastKnownFileType = sourcecode.c.h; path = AFURLConnectionOperation.h; sourceTree = "<group>"; };
		9366870718E922370050FB52 /* AFURLConnectionOperation.m */ = {isa = PBXFileReference; fileEncoding = 4; lastKnownFileType = sourcecode.c.objc; path = AFURLConnectionOperation.m; sourceTree = "<group>"; };
		9366870818E922370050FB52 /* AFURLRequestSerialization.h */ = {isa = PBXFileReference; fileEncoding = 4; lastKnownFileType = sourcecode.c.h; path = AFURLRequestSerialization.h; sourceTree = "<group>"; };
		9366870918E922370050FB52 /* AFURLRequestSerialization.m */ = {isa = PBXFileReference; fileEncoding = 4; lastKnownFileType = sourcecode.c.objc; path = AFURLRequestSerialization.m; sourceTree = "<group>"; };
		9366870A18E922370050FB52 /* AFURLResponseSerialization.h */ = {isa = PBXFileReference; fileEncoding = 4; lastKnownFileType = sourcecode.c.h; path = AFURLResponseSerialization.h; sourceTree = "<group>"; };
		9366870B18E922370050FB52 /* AFURLResponseSerialization.m */ = {isa = PBXFileReference; fileEncoding = 4; lastKnownFileType = sourcecode.c.objc; path = AFURLResponseSerialization.m; sourceTree = "<group>"; };
		9366870C18E922370050FB52 /* AFURLSessionManager.h */ = {isa = PBXFileReference; fileEncoding = 4; lastKnownFileType = sourcecode.c.h; path = AFURLSessionManager.h; sourceTree = "<group>"; };
		9366870D18E922370050FB52 /* AFURLSessionManager.m */ = {isa = PBXFileReference; fileEncoding = 4; lastKnownFileType = sourcecode.c.objc; path = AFURLSessionManager.m; sourceTree = "<group>"; };
		9366870F18E922370050FB52 /* AFNetworkActivityIndicatorManager.h */ = {isa = PBXFileReference; fileEncoding = 4; lastKnownFileType = sourcecode.c.h; path = AFNetworkActivityIndicatorManager.h; sourceTree = "<group>"; };
		9366871018E922370050FB52 /* AFNetworkActivityIndicatorManager.m */ = {isa = PBXFileReference; fileEncoding = 4; lastKnownFileType = sourcecode.c.objc; path = AFNetworkActivityIndicatorManager.m; sourceTree = "<group>"; };
		9366871118E922370050FB52 /* UIActivityIndicatorView+AFNetworking.h */ = {isa = PBXFileReference; fileEncoding = 4; lastKnownFileType = sourcecode.c.h; path = "UIActivityIndicatorView+AFNetworking.h"; sourceTree = "<group>"; };
		9366871218E922370050FB52 /* UIActivityIndicatorView+AFNetworking.m */ = {isa = PBXFileReference; fileEncoding = 4; lastKnownFileType = sourcecode.c.objc; path = "UIActivityIndicatorView+AFNetworking.m"; sourceTree = "<group>"; };
		9366871318E922370050FB52 /* UIAlertView+AFNetworking.h */ = {isa = PBXFileReference; fileEncoding = 4; lastKnownFileType = sourcecode.c.h; path = "UIAlertView+AFNetworking.h"; sourceTree = "<group>"; };
		9366871418E922370050FB52 /* UIAlertView+AFNetworking.m */ = {isa = PBXFileReference; fileEncoding = 4; lastKnownFileType = sourcecode.c.objc; path = "UIAlertView+AFNetworking.m"; sourceTree = "<group>"; };
		9366871518E922370050FB52 /* UIButton+AFNetworking.h */ = {isa = PBXFileReference; fileEncoding = 4; lastKnownFileType = sourcecode.c.h; path = "UIButton+AFNetworking.h"; sourceTree = "<group>"; };
		9366871618E922370050FB52 /* UIButton+AFNetworking.m */ = {isa = PBXFileReference; fileEncoding = 4; lastKnownFileType = sourcecode.c.objc; path = "UIButton+AFNetworking.m"; sourceTree = "<group>"; };
		9366871718E922370050FB52 /* UIImageView+AFNetworking.h */ = {isa = PBXFileReference; fileEncoding = 4; lastKnownFileType = sourcecode.c.h; path = "UIImageView+AFNetworking.h"; sourceTree = "<group>"; };
		9366871818E922370050FB52 /* UIImageView+AFNetworking.m */ = {isa = PBXFileReference; fileEncoding = 4; lastKnownFileType = sourcecode.c.objc; path = "UIImageView+AFNetworking.m"; sourceTree = "<group>"; };
		9366871918E922370050FB52 /* UIKit+AFNetworking.h */ = {isa = PBXFileReference; fileEncoding = 4; lastKnownFileType = sourcecode.c.h; path = "UIKit+AFNetworking.h"; sourceTree = "<group>"; };
		9366871A18E922370050FB52 /* UIProgressView+AFNetworking.h */ = {isa = PBXFileReference; fileEncoding = 4; lastKnownFileType = sourcecode.c.h; path = "UIProgressView+AFNetworking.h"; sourceTree = "<group>"; };
		9366871B18E922370050FB52 /* UIProgressView+AFNetworking.m */ = {isa = PBXFileReference; fileEncoding = 4; lastKnownFileType = sourcecode.c.objc; path = "UIProgressView+AFNetworking.m"; sourceTree = "<group>"; };
		9366871C18E922370050FB52 /* UIRefreshControl+AFNetworking.h */ = {isa = PBXFileReference; fileEncoding = 4; lastKnownFileType = sourcecode.c.h; path = "UIRefreshControl+AFNetworking.h"; sourceTree = "<group>"; };
		9366871D18E922370050FB52 /* UIRefreshControl+AFNetworking.m */ = {isa = PBXFileReference; fileEncoding = 4; lastKnownFileType = sourcecode.c.objc; path = "UIRefreshControl+AFNetworking.m"; sourceTree = "<group>"; };
		9366871E18E922370050FB52 /* UIWebView+AFNetworking.h */ = {isa = PBXFileReference; fileEncoding = 4; lastKnownFileType = sourcecode.c.h; path = "UIWebView+AFNetworking.h"; sourceTree = "<group>"; };
		9366871F18E922370050FB52 /* UIWebView+AFNetworking.m */ = {isa = PBXFileReference; fileEncoding = 4; lastKnownFileType = sourcecode.c.objc; path = "UIWebView+AFNetworking.m"; sourceTree = "<group>"; };
		9372C48B1907B347009D9A4C /* UserRegister.h */ = {isa = PBXFileReference; fileEncoding = 4; lastKnownFileType = sourcecode.c.h; path = UserRegister.h; sourceTree = "<group>"; };
		9372C48C1907B347009D9A4C /* UserRegister.m */ = {isa = PBXFileReference; fileEncoding = 4; lastKnownFileType = sourcecode.c.objc; path = UserRegister.m; sourceTree = "<group>"; };
		9372C48E1907B54B009D9A4C /* UserRegisterTests.m */ = {isa = PBXFileReference; fileEncoding = 4; lastKnownFileType = sourcecode.c.objc; path = UserRegisterTests.m; sourceTree = "<group>"; };
		93783E811955579B00F86D4E /* CarFilterAccess.h */ = {isa = PBXFileReference; fileEncoding = 4; lastKnownFileType = sourcecode.c.h; path = CarFilterAccess.h; sourceTree = "<group>"; };
		93783E821955579B00F86D4E /* CarFilterAccess.m */ = {isa = PBXFileReference; fileEncoding = 4; lastKnownFileType = sourcecode.c.objc; path = CarFilterAccess.m; sourceTree = "<group>"; };
		93857197193C71EF00228FAC /* MobileCoreServices.framework */ = {isa = PBXFileReference; lastKnownFileType = wrapper.framework; name = MobileCoreServices.framework; path = System/Library/Frameworks/MobileCoreServices.framework; sourceTree = SDKROOT; };
		93857199193C72A700228FAC /* SystemConfiguration.framework */ = {isa = PBXFileReference; lastKnownFileType = wrapper.framework; name = SystemConfiguration.framework; path = System/Library/Frameworks/SystemConfiguration.framework; sourceTree = SDKROOT; };
/* End PBXFileReference section */

/* Begin PBXFrameworksBuildPhase section */
		9366862118E91DAB0050FB52 /* Frameworks */ = {
			isa = PBXFrameworksBuildPhase;
			buildActionMask = 2147483647;
			files = (
				9385719A193C72A700228FAC /* SystemConfiguration.framework in Frameworks */,
				93857198193C71EF00228FAC /* MobileCoreServices.framework in Frameworks */,
				9341534B18EA90E700C4358B /* libEntity.a in Frameworks */,
				9366862818E91DAB0050FB52 /* Foundation.framework in Frameworks */,
			);
			runOnlyForDeploymentPostprocessing = 0;
		};
		9366863118E91DAB0050FB52 /* Frameworks */ = {
			isa = PBXFrameworksBuildPhase;
			buildActionMask = 2147483647;
			files = (
				9366863618E91DAB0050FB52 /* XCTest.framework in Frameworks */,
				9366863C18E91DAB0050FB52 /* libAccessLayer.a in Frameworks */,
				9366863918E91DAB0050FB52 /* UIKit.framework in Frameworks */,
				9366863718E91DAB0050FB52 /* Foundation.framework in Frameworks */,
			);
			runOnlyForDeploymentPostprocessing = 0;
		};
/* End PBXFrameworksBuildPhase section */

/* Begin PBXGroup section */
		9341534918EA90C500C4358B /* UserCenter */ = {
			isa = PBXGroup;
			children = (
				9341535018EA912F00C4358B /* UserLogin */,
				935EB3091910E454000D42CA /* UserInfo */,
				9372C48A1907B2E0009D9A4C /* Register */,
			);
			path = UserCenter;
			sourceTree = "<group>";
		};
		9341535018EA912F00C4358B /* UserLogin */ = {
			isa = PBXGroup;
			children = (
				9341535118EA915800C4358B /* UserLogin.h */,
				9341535218EA915800C4358B /* UserLogin.m */,
			);
			path = UserLogin;
			sourceTree = "<group>";
		};
		935EB3091910E454000D42CA /* UserInfo */ = {
			isa = PBXGroup;
			children = (
				935EB30A1910E47B000D42CA /* UserInfoAccess.h */,
				935EB30B1910E47B000D42CA /* UserInfoAccess.m */,
			);
			path = UserInfo;
			sourceTree = "<group>";
		};
		9366861B18E91DAB0050FB52 = {
			isa = PBXGroup;
			children = (
				9366862918E91DAB0050FB52 /* AccessLayer */,
				9366863D18E91DAB0050FB52 /* AccessLayerTests */,
				9366862618E91DAB0050FB52 /* Frameworks */,
				9366862518E91DAB0050FB52 /* Products */,
			);
			sourceTree = "<group>";
		};
		9366862518E91DAB0050FB52 /* Products */ = {
			isa = PBXGroup;
			children = (
				9366862418E91DAB0050FB52 /* libAccessLayer.a */,
				9366863418E91DAB0050FB52 /* AccessLayerTests.xctest */,
			);
			name = Products;
			sourceTree = "<group>";
		};
		9366862618E91DAB0050FB52 /* Frameworks */ = {
			isa = PBXGroup;
			children = (
				93857199193C72A700228FAC /* SystemConfiguration.framework */,
				93857197193C71EF00228FAC /* MobileCoreServices.framework */,
				9341534A18EA90E700C4358B /* libEntity.a */,
				9366862718E91DAB0050FB52 /* Foundation.framework */,
				9366863518E91DAB0050FB52 /* XCTest.framework */,
				9366863818E91DAB0050FB52 /* UIKit.framework */,
			);
			name = Frameworks;
			sourceTree = "<group>";
		};
		9366862918E91DAB0050FB52 /* AccessLayer */ = {
			isa = PBXGroup;
			children = (
				936686FA18E922370050FB52 /* AFNetworking */,
				9366870E18E922370050FB52 /* UIKit+AFNetworking */,
				9366862C18E91DAB0050FB52 /* AccessBase.h */,
				9366862E18E91DAB0050FB52 /* AccessBase.m */,
				935EB30D1910EDF6000D42CA /* UploadImage.h */,
				935EB30E1910EDF6000D42CA /* UploadImage.m */,
				93783E801955576F00F86D4E /* ByCar */,
				9341534918EA90C500C4358B /* UserCenter */,
				9366862A18E91DAB0050FB52 /* Supporting Files */,
			);
			path = AccessLayer;
			sourceTree = "<group>";
		};
		9366862A18E91DAB0050FB52 /* Supporting Files */ = {
			isa = PBXGroup;
			children = (
				9366862B18E91DAB0050FB52 /* AccessLayer-Prefix.pch */,
			);
			name = "Supporting Files";
			sourceTree = "<group>";
		};
		9366863D18E91DAB0050FB52 /* AccessLayerTests */ = {
			isa = PBXGroup;
			children = (
				9366864318E91DAB0050FB52 /* AccessLayerTests.m */,
				9372C48E1907B54B009D9A4C /* UserRegisterTests.m */,
				9366863E18E91DAB0050FB52 /* Supporting Files */,
			);
			path = AccessLayerTests;
			sourceTree = "<group>";
		};
		9366863E18E91DAB0050FB52 /* Supporting Files */ = {
			isa = PBXGroup;
			children = (
				9366863F18E91DAB0050FB52 /* AccessLayerTests-Info.plist */,
				9366864018E91DAB0050FB52 /* InfoPlist.strings */,
			);
			name = "Supporting Files";
			sourceTree = "<group>";
		};
		936686FA18E922370050FB52 /* AFNetworking */ = {
			isa = PBXGroup;
			children = (
				936686FB18E922370050FB52 /* AFHTTPRequestOperation.h */,
				936686FC18E922370050FB52 /* AFHTTPRequestOperation.m */,
				936686FD18E922370050FB52 /* AFHTTPRequestOperationManager.h */,
				936686FE18E922370050FB52 /* AFHTTPRequestOperationManager.m */,
				936686FF18E922370050FB52 /* AFHTTPSessionManager.h */,
				9366870018E922370050FB52 /* AFHTTPSessionManager.m */,
				9366870118E922370050FB52 /* AFNetworking.h */,
				9366870218E922370050FB52 /* AFNetworkReachabilityManager.h */,
				9366870318E922370050FB52 /* AFNetworkReachabilityManager.m */,
				9366870418E922370050FB52 /* AFSecurityPolicy.h */,
				9366870518E922370050FB52 /* AFSecurityPolicy.m */,
				9366870618E922370050FB52 /* AFURLConnectionOperation.h */,
				9366870718E922370050FB52 /* AFURLConnectionOperation.m */,
				9366870818E922370050FB52 /* AFURLRequestSerialization.h */,
				9366870918E922370050FB52 /* AFURLRequestSerialization.m */,
				9366870A18E922370050FB52 /* AFURLResponseSerialization.h */,
				9366870B18E922370050FB52 /* AFURLResponseSerialization.m */,
				9366870C18E922370050FB52 /* AFURLSessionManager.h */,
				9366870D18E922370050FB52 /* AFURLSessionManager.m */,
			);
			path = AFNetworking;
			sourceTree = "<group>";
		};
		9366870E18E922370050FB52 /* UIKit+AFNetworking */ = {
			isa = PBXGroup;
			children = (
				9366870F18E922370050FB52 /* AFNetworkActivityIndicatorManager.h */,
				9366871018E922370050FB52 /* AFNetworkActivityIndicatorManager.m */,
				9366871118E922370050FB52 /* UIActivityIndicatorView+AFNetworking.h */,
				9366871218E922370050FB52 /* UIActivityIndicatorView+AFNetworking.m */,
				9366871318E922370050FB52 /* UIAlertView+AFNetworking.h */,
				9366871418E922370050FB52 /* UIAlertView+AFNetworking.m */,
				9366871518E922370050FB52 /* UIButton+AFNetworking.h */,
				9366871618E922370050FB52 /* UIButton+AFNetworking.m */,
				9366871718E922370050FB52 /* UIImageView+AFNetworking.h */,
				9366871818E922370050FB52 /* UIImageView+AFNetworking.m */,
				9366871918E922370050FB52 /* UIKit+AFNetworking.h */,
				9366871A18E922370050FB52 /* UIProgressView+AFNetworking.h */,
				9366871B18E922370050FB52 /* UIProgressView+AFNetworking.m */,
				9366871C18E922370050FB52 /* UIRefreshControl+AFNetworking.h */,
				9366871D18E922370050FB52 /* UIRefreshControl+AFNetworking.m */,
				9366871E18E922370050FB52 /* UIWebView+AFNetworking.h */,
				9366871F18E922370050FB52 /* UIWebView+AFNetworking.m */,
			);
			path = "UIKit+AFNetworking";
			sourceTree = "<group>";
		};
		9372C48A1907B2E0009D9A4C /* Register */ = {
			isa = PBXGroup;
			children = (
				9372C48B1907B347009D9A4C /* UserRegister.h */,
				9372C48C1907B347009D9A4C /* UserRegister.m */,
			);
			path = Register;
			sourceTree = "<group>";
		};
		93783E801955576F00F86D4E /* ByCar */ = {
			isa = PBXGroup;
			children = (
				93783E811955579B00F86D4E /* CarFilterAccess.h */,
				93783E821955579B00F86D4E /* CarFilterAccess.m */,
			);
			path = ByCar;
			sourceTree = "<group>";
		};
/* End PBXGroup section */

/* Begin PBXNativeTarget section */
		9366862318E91DAB0050FB52 /* AccessLayer */ = {
			isa = PBXNativeTarget;
			buildConfigurationList = 9366864718E91DAB0050FB52 /* Build configuration list for PBXNativeTarget "AccessLayer" */;
			buildPhases = (
				9366862018E91DAB0050FB52 /* Sources */,
				9366862118E91DAB0050FB52 /* Frameworks */,
				9366862218E91DAB0050FB52 /* CopyFiles */,
			);
			buildRules = (
			);
			dependencies = (
			);
			name = AccessLayer;
			productName = AccessLayer;
			productReference = 9366862418E91DAB0050FB52 /* libAccessLayer.a */;
			productType = "com.apple.product-type.library.static";
		};
		9366863318E91DAB0050FB52 /* AccessLayerTests */ = {
			isa = PBXNativeTarget;
			buildConfigurationList = 9366864A18E91DAB0050FB52 /* Build configuration list for PBXNativeTarget "AccessLayerTests" */;
			buildPhases = (
				9366863018E91DAB0050FB52 /* Sources */,
				9366863118E91DAB0050FB52 /* Frameworks */,
				9366863218E91DAB0050FB52 /* Resources */,
			);
			buildRules = (
			);
			dependencies = (
				9366863B18E91DAB0050FB52 /* PBXTargetDependency */,
			);
			name = AccessLayerTests;
			productName = AccessLayerTests;
			productReference = 9366863418E91DAB0050FB52 /* AccessLayerTests.xctest */;
			productType = "com.apple.product-type.bundle.unit-test";
		};
/* End PBXNativeTarget section */

/* Begin PBXProject section */
		9366861C18E91DAB0050FB52 /* Project object */ = {
			isa = PBXProject;
			attributes = {
				LastUpgradeCheck = 0510;
				ORGANIZATIONNAME = shulianyong;
			};
			buildConfigurationList = 9366861F18E91DAB0050FB52 /* Build configuration list for PBXProject "AccessLayer" */;
			compatibilityVersion = "Xcode 3.2";
			developmentRegion = English;
			hasScannedForEncodings = 0;
			knownRegions = (
				en,
			);
			mainGroup = 9366861B18E91DAB0050FB52;
			productRefGroup = 9366862518E91DAB0050FB52 /* Products */;
			projectDirPath = "";
			projectRoot = "";
			targets = (
				9366862318E91DAB0050FB52 /* AccessLayer */,
				9366863318E91DAB0050FB52 /* AccessLayerTests */,
			);
		};
/* End PBXProject section */

/* Begin PBXResourcesBuildPhase section */
		9366863218E91DAB0050FB52 /* Resources */ = {
			isa = PBXResourcesBuildPhase;
			buildActionMask = 2147483647;
			files = (
				9366864218E91DAB0050FB52 /* InfoPlist.strings in Resources */,
			);
			runOnlyForDeploymentPostprocessing = 0;
		};
/* End PBXResourcesBuildPhase section */

/* Begin PBXSourcesBuildPhase section */
		9366862018E91DAB0050FB52 /* Sources */ = {
			isa = PBXSourcesBuildPhase;
			buildActionMask = 2147483647;
			files = (
				9366872E18E922370050FB52 /* UIProgressView+AFNetworking.m in Sources */,
				9366872518E922370050FB52 /* AFURLConnectionOperation.m in Sources */,
				9366873018E922370050FB52 /* UIWebView+AFNetworking.m in Sources */,
				9366872D18E922370050FB52 /* UIImageView+AFNetworking.m in Sources */,
				9366872718E922370050FB52 /* AFURLResponseSerialization.m in Sources */,
				9366872C18E922370050FB52 /* UIButton+AFNetworking.m in Sources */,
				935EB30C1910E47B000D42CA /* UserInfoAccess.m in Sources */,
				93783E831955579B00F86D4E /* CarFilterAccess.m in Sources */,
				9366872B18E922370050FB52 /* UIAlertView+AFNetworking.m in Sources */,
				9366872018E922370050FB52 /* AFHTTPRequestOperation.m in Sources */,
				9366872F18E922370050FB52 /* UIRefreshControl+AFNetworking.m in Sources */,
				935EB30F1910EDF6000D42CA /* UploadImage.m in Sources */,
				9366862F18E91DAB0050FB52 /* AccessBase.m in Sources */,
				9366872918E922370050FB52 /* AFNetworkActivityIndicatorManager.m in Sources */,
				9341535318EA915800C4358B /* UserLogin.m in Sources */,
				9366872318E922370050FB52 /* AFNetworkReachabilityManager.m in Sources */,
				9366872A18E922370050FB52 /* UIActivityIndicatorView+AFNetworking.m in Sources */,
				9366872818E922370050FB52 /* AFURLSessionManager.m in Sources */,
				9366872118E922370050FB52 /* AFHTTPRequestOperationManager.m in Sources */,
				9366872418E922370050FB52 /* AFSecurityPolicy.m in Sources */,
				9372C48D1907B347009D9A4C /* UserRegister.m in Sources */,
				9366872218E922370050FB52 /* AFHTTPSessionManager.m in Sources */,
				9366872618E922370050FB52 /* AFURLRequestSerialization.m in Sources */,
			);
			runOnlyForDeploymentPostprocessing = 0;
		};
		9366863018E91DAB0050FB52 /* Sources */ = {
			isa = PBXSourcesBuildPhase;
			buildActionMask = 2147483647;
			files = (
				9366864418E91DAB0050FB52 /* AccessLayerTests.m in Sources */,
				9372C48F1907B54B009D9A4C /* UserRegisterTests.m in Sources */,
			);
			runOnlyForDeploymentPostprocessing = 0;
		};
/* End PBXSourcesBuildPhase section */

/* Begin PBXTargetDependency section */
		9366863B18E91DAB0050FB52 /* PBXTargetDependency */ = {
			isa = PBXTargetDependency;
			target = 9366862318E91DAB0050FB52 /* AccessLayer */;
			targetProxy = 9366863A18E91DAB0050FB52 /* PBXContainerItemProxy */;
		};
/* End PBXTargetDependency section */

/* Begin PBXVariantGroup section */
		9366864018E91DAB0050FB52 /* InfoPlist.strings */ = {
			isa = PBXVariantGroup;
			children = (
				9366864118E91DAB0050FB52 /* en */,
			);
			name = InfoPlist.strings;
			sourceTree = "<group>";
		};
/* End PBXVariantGroup section */

/* Begin XCBuildConfiguration section */
		9366864518E91DAB0050FB52 /* Debug */ = {
			isa = XCBuildConfiguration;
			buildSettings = {
				ALWAYS_SEARCH_USER_PATHS = NO;
				CLANG_CXX_LANGUAGE_STANDARD = "gnu++0x";
				CLANG_CXX_LIBRARY = "libc++";
				CLANG_ENABLE_MODULES = YES;
				CLANG_ENABLE_OBJC_ARC = YES;
				CLANG_WARN_BOOL_CONVERSION = YES;
				CLANG_WARN_CONSTANT_CONVERSION = YES;
				CLANG_WARN_DIRECT_OBJC_ISA_USAGE = YES_ERROR;
				CLANG_WARN_EMPTY_BODY = YES;
				CLANG_WARN_ENUM_CONVERSION = YES;
				CLANG_WARN_INT_CONVERSION = YES;
				CLANG_WARN_OBJC_ROOT_CLASS = YES_ERROR;
				CLANG_WARN__DUPLICATE_METHOD_MATCH = YES;
				COPY_PHASE_STRIP = NO;
				GCC_C_LANGUAGE_STANDARD = gnu99;
				GCC_DYNAMIC_NO_PIC = NO;
				GCC_OPTIMIZATION_LEVEL = 0;
				GCC_PREPROCESSOR_DEFINITIONS = (
					"DEBUG=1",
					"$(inherited)",
				);
				GCC_SYMBOLS_PRIVATE_EXTERN = NO;
				GCC_WARN_64_TO_32_BIT_CONVERSION = YES;
				GCC_WARN_ABOUT_RETURN_TYPE = YES_ERROR;
				GCC_WARN_UNDECLARED_SELECTOR = YES;
				GCC_WARN_UNINITIALIZED_AUTOS = YES_AGGRESSIVE;
				GCC_WARN_UNUSED_FUNCTION = YES;
				GCC_WARN_UNUSED_VARIABLE = YES;
				IPHONEOS_DEPLOYMENT_TARGET = 7.1;
				ONLY_ACTIVE_ARCH = YES;
				SDKROOT = iphoneos;
			};
			name = Debug;
		};
		9366864618E91DAB0050FB52 /* Release */ = {
			isa = XCBuildConfiguration;
			buildSettings = {
				ALWAYS_SEARCH_USER_PATHS = NO;
				CLANG_CXX_LANGUAGE_STANDARD = "gnu++0x";
				CLANG_CXX_LIBRARY = "libc++";
				CLANG_ENABLE_MODULES = YES;
				CLANG_ENABLE_OBJC_ARC = YES;
				CLANG_WARN_BOOL_CONVERSION = YES;
				CLANG_WARN_CONSTANT_CONVERSION = YES;
				CLANG_WARN_DIRECT_OBJC_ISA_USAGE = YES_ERROR;
				CLANG_WARN_EMPTY_BODY = YES;
				CLANG_WARN_ENUM_CONVERSION = YES;
				CLANG_WARN_INT_CONVERSION = YES;
				CLANG_WARN_OBJC_ROOT_CLASS = YES_ERROR;
				CLANG_WARN__DUPLICATE_METHOD_MATCH = YES;
				COPY_PHASE_STRIP = YES;
				ENABLE_NS_ASSERTIONS = NO;
				GCC_C_LANGUAGE_STANDARD = gnu99;
				GCC_WARN_64_TO_32_BIT_CONVERSION = YES;
				GCC_WARN_ABOUT_RETURN_TYPE = YES_ERROR;
				GCC_WARN_UNDECLARED_SELECTOR = YES;
				GCC_WARN_UNINITIALIZED_AUTOS = YES_AGGRESSIVE;
				GCC_WARN_UNUSED_FUNCTION = YES;
				GCC_WARN_UNUSED_VARIABLE = YES;
				IPHONEOS_DEPLOYMENT_TARGET = 7.1;
				SDKROOT = iphoneos;
				VALIDATE_PRODUCT = YES;
			};
			name = Release;
		};
		9366864818E91DAB0050FB52 /* Debug */ = {
			isa = XCBuildConfiguration;
			buildSettings = {
				DSTROOT = /tmp/AccessLayer.dst;
				GCC_PRECOMPILE_PREFIX_HEADER = YES;
				GCC_PREFIX_HEADER = "AccessLayer/AccessLayer-Prefix.pch";
				LIBRARY_SEARCH_PATHS = (
					"$(inherited)",
					/Users/shulianyong/Desktop/Other/Used,
					"Car/usedcar/03编码/iOS/Entity/build/Debug-iphoneos",
				);
				OTHER_LDFLAGS = "-ObjC";
				PRODUCT_NAME = "$(TARGET_NAME)";
				SKIP_INSTALL = YES;
			};
			name = Debug;
		};
		9366864918E91DAB0050FB52 /* Release */ = {
			isa = XCBuildConfiguration;
			buildSettings = {
				DSTROOT = /tmp/AccessLayer.dst;
				GCC_PRECOMPILE_PREFIX_HEADER = YES;
				GCC_PREFIX_HEADER = "AccessLayer/AccessLayer-Prefix.pch";
				LIBRARY_SEARCH_PATHS = (
					"$(inherited)",
					/Users/shulianyong/Desktop/Other/Used,
					"Car/usedcar/03编码/iOS/Entity/build/Debug-iphoneos",
				);
				OTHER_LDFLAGS = "-ObjC";
				PRODUCT_NAME = "$(TARGET_NAME)";
				SKIP_INSTALL = YES;
			};
			name = Release;
		};
		9366864B18E91DAB0050FB52 /* Debug */ = {
			isa = XCBuildConfiguration;
			buildSettings = {
				FRAMEWORK_SEARCH_PATHS = (
					"$(SDKROOT)/Developer/Library/Frameworks",
					"$(inherited)",
					"$(DEVELOPER_FRAMEWORKS_DIR)",
				);
				GCC_PRECOMPILE_PREFIX_HEADER = YES;
				GCC_PREFIX_HEADER = "AccessLayer/AccessLayer-Prefix.pch";
				GCC_PREPROCESSOR_DEFINITIONS = (
					"DEBUG=1",
					"$(inherited)",
				);
				INFOPLIST_FILE = "AccessLayerTests/AccessLayerTests-Info.plist";
				OTHER_LDFLAGS = (
					"$(inherited)",
					"-framework",
					XCTest,
					"-ObjC",
				);
				PRODUCT_NAME = "$(TARGET_NAME)";
				WRAPPER_EXTENSION = xctest;
			};
			name = Debug;
		};
		9366864C18E91DAB0050FB52 /* Release */ = {
			isa = XCBuildConfiguration;
			buildSettings = {
				FRAMEWORK_SEARCH_PATHS = (
					"$(SDKROOT)/Developer/Library/Frameworks",
					"$(inherited)",
					"$(DEVELOPER_FRAMEWORKS_DIR)",
				);
				GCC_PRECOMPILE_PREFIX_HEADER = YES;
				GCC_PREFIX_HEADER = "AccessLayer/AccessLayer-Prefix.pch";
				INFOPLIST_FILE = "AccessLayerTests/AccessLayerTests-Info.plist";
				OTHER_LDFLAGS = (
					"$(inherited)",
					"-framework",
					XCTest,
					"-ObjC",
				);
				PRODUCT_NAME = "$(TARGET_NAME)";
				WRAPPER_EXTENSION = xctest;
			};
			name = Release;
		};
/* End XCBuildConfiguration section */

/* Begin XCConfigurationList section */
		9366861F18E91DAB0050FB52 /* Build configuration list for PBXProject "AccessLayer" */ = {
			isa = XCConfigurationList;
			buildConfigurations = (
				9366864518E91DAB0050FB52 /* Debug */,
				9366864618E91DAB0050FB52 /* Release */,
			);
			defaultConfigurationIsVisible = 0;
			defaultConfigurationName = Release;
		};
		9366864718E91DAB0050FB52 /* Build configuration list for PBXNativeTarget "AccessLayer" */ = {
			isa = XCConfigurationList;
			buildConfigurations = (
				9366864818E91DAB0050FB52 /* Debug */,
				9366864918E91DAB0050FB52 /* Release */,
			);
			defaultConfigurationIsVisible = 0;
			defaultConfigurationName = Release;
		};
		9366864A18E91DAB0050FB52 /* Build configuration list for PBXNativeTarget "AccessLayerTests" */ = {
			isa = XCConfigurationList;
			buildConfigurations = (
				9366864B18E91DAB0050FB52 /* Debug */,
				9366864C18E91DAB0050FB52 /* Release */,
			);
			defaultConfigurationIsVisible = 0;
			defaultConfigurationName = Release;
		};
/* End XCConfigurationList section */
	};
	rootObject = 9366861C18E91DAB0050FB52 /* Project object */;
}
